// !$*UTF8*$!
{
	archiveVersion = 1;
	classes = {
	};
	objectVersion = 56;
	objects = {

/* Begin PBXBuildFile section */
		182F15D42BA87C6F0071131E /* GetMacros.swift in Sources */ = {isa = PBXBuildFile; fileRef = 182F15D32BA87C6F0071131E /* GetMacros.swift */; };
		182F15DA2BA885A90071131E /* Macro.swift in Sources */ = {isa = PBXBuildFile; fileRef = 182F15D92BA885A90071131E /* Macro.swift */; };
		182F15DD2BA89B3F0071131E /* AddMacroView.swift in Sources */ = {isa = PBXBuildFile; fileRef = 182F15DC2BA89B3F0071131E /* AddMacroView.swift */; };
		182F15DF2BA8B8780071131E /* MacroDayView.swift in Sources */ = {isa = PBXBuildFile; fileRef = 182F15DE2BA8B8780071131E /* MacroDayView.swift */; };
		182F15E12BA8BFF40071131E /* Date+Ext.swift in Sources */ = {isa = PBXBuildFile; fileRef = 182F15E02BA8BFF40071131E /* Date+Ext.swift */; };
		182F15E92BA8D17C0071131E /* WatchNutrientTrackerApp.swift in Sources */ = {isa = PBXBuildFile; fileRef = 182F15E82BA8D17C0071131E /* WatchNutrientTrackerApp.swift */; };
		182F15EB2BA8D17C0071131E /* ContentView.swift in Sources */ = {isa = PBXBuildFile; fileRef = 182F15EA2BA8D17C0071131E /* ContentView.swift */; };
		182F15ED2BA8D17E0071131E /* Assets.xcassets in Resources */ = {isa = PBXBuildFile; fileRef = 182F15EC2BA8D17E0071131E /* Assets.xcassets */; };
		182F15F02BA8D17E0071131E /* Preview Assets.xcassets in Resources */ = {isa = PBXBuildFile; fileRef = 182F15EF2BA8D17E0071131E /* Preview Assets.xcassets */; };
		182F15F32BA8D17E0071131E /* WatchNutrientTracker Watch App.app in Embed Watch Content */ = {isa = PBXBuildFile; fileRef = 182F15E62BA8D17C0071131E /* WatchNutrientTracker Watch App.app */; settings = {ATTRIBUTES = (RemoveHeadersOnCopy, ); }; };
		182F15F92BA8D1CA0071131E /* WatchConnector.swift in Sources */ = {isa = PBXBuildFile; fileRef = 182F15F82BA8D1C90071131E /* WatchConnector.swift */; };
		182F15FB2BA8D3990071131E /* WatchToiOSConnector.swift in Sources */ = {isa = PBXBuildFile; fileRef = 182F15FA2BA8D3990071131E /* WatchToiOSConnector.swift */; };
		182F15FC2BA8D5E30071131E /* Macro.swift in Sources */ = {isa = PBXBuildFile; fileRef = 182F15D92BA885A90071131E /* Macro.swift */; };
		182F15FD2BA8D5E30071131E /* GetMacros.swift in Sources */ = {isa = PBXBuildFile; fileRef = 182F15D32BA87C6F0071131E /* GetMacros.swift */; };
		182F16002BA8E05A0071131E /* WatchConnectivity.framework in Frameworks */ = {isa = PBXBuildFile; fileRef = 182F15FF2BA8E05A0071131E /* WatchConnectivity.framework */; };
		182F16022BA8E1EF0071131E /* WatchConnectivity.framework in Frameworks */ = {isa = PBXBuildFile; fileRef = 182F16012BA8E1EF0071131E /* WatchConnectivity.framework */; };
		18440EE32BA9606F0009D18C /* NutrientTracker.app in Resources */ = {isa = PBXBuildFile; fileRef = 1883119D2BA6BAF600B518D5 /* NutrientTracker.app */; };
		188311A12BA6BAF600B518D5 /* NutrientTrackerApp.swift in Sources */ = {isa = PBXBuildFile; fileRef = 188311A02BA6BAF600B518D5 /* NutrientTrackerApp.swift */; };
		188311A72BA6BAF800B518D5 /* Assets.xcassets in Resources */ = {isa = PBXBuildFile; fileRef = 188311A62BA6BAF800B518D5 /* Assets.xcassets */; };
		188311AA2BA6BAF800B518D5 /* Preview Assets.xcassets in Resources */ = {isa = PBXBuildFile; fileRef = 188311A92BA6BAF800B518D5 /* Preview Assets.xcassets */; };
		188311B12BA6BF6E00B518D5 /* MacroView.swift in Sources */ = {isa = PBXBuildFile; fileRef = 188311B02BA6BF6E00B518D5 /* MacroView.swift */; };
		188311B32BA6CB4E00B518D5 /* MacroHeaderView.swift in Sources */ = {isa = PBXBuildFile; fileRef = 188311B22BA6CB4E00B518D5 /* MacroHeaderView.swift */; };
/* End PBXBuildFile section */

/* Begin PBXContainerItemProxy section */
		18440EF42BA96BBB0009D18C /* PBXContainerItemProxy */ = {
			isa = PBXContainerItemProxy;
			containerPortal = 188311952BA6BAF600B518D5 /* Project object */;
			proxyType = 1;
			remoteGlobalIDString = 1883119C2BA6BAF600B518D5;
			remoteInfo = NutrientTracker;
		};
/* End PBXContainerItemProxy section */

/* Begin PBXCopyFilesBuildPhase section */
		182F15F72BA8D17E0071131E /* Embed Watch Content */ = {
			isa = PBXCopyFilesBuildPhase;
			buildActionMask = 2147483647;
			dstPath = "$(CONTENTS_FOLDER_PATH)/Watch";
			dstSubfolderSpec = 16;
			files = (
				182F15F32BA8D17E0071131E /* WatchNutrientTracker Watch App.app in Embed Watch Content */,
			);
			name = "Embed Watch Content";
			runOnlyForDeploymentPostprocessing = 0;
		};
/* End PBXCopyFilesBuildPhase section */

/* Begin PBXFileReference section */
		182F15D32BA87C6F0071131E /* GetMacros.swift */ = {isa = PBXFileReference; lastKnownFileType = sourcecode.swift; path = GetMacros.swift; sourceTree = "<group>"; };
		182F15D92BA885A90071131E /* Macro.swift */ = {isa = PBXFileReference; lastKnownFileType = sourcecode.swift; path = Macro.swift; sourceTree = "<group>"; };
		182F15DC2BA89B3F0071131E /* AddMacroView.swift */ = {isa = PBXFileReference; lastKnownFileType = sourcecode.swift; path = AddMacroView.swift; sourceTree = "<group>"; };
		182F15DE2BA8B8780071131E /* MacroDayView.swift */ = {isa = PBXFileReference; lastKnownFileType = sourcecode.swift; path = MacroDayView.swift; sourceTree = "<group>"; };
		182F15E02BA8BFF40071131E /* Date+Ext.swift */ = {isa = PBXFileReference; lastKnownFileType = sourcecode.swift; path = "Date+Ext.swift"; sourceTree = "<group>"; };
		182F15E62BA8D17C0071131E /* WatchNutrientTracker Watch App.app */ = {isa = PBXFileReference; explicitFileType = wrapper.application; includeInIndex = 0; path = "WatchNutrientTracker Watch App.app"; sourceTree = BUILT_PRODUCTS_DIR; };
		182F15E82BA8D17C0071131E /* WatchNutrientTrackerApp.swift */ = {isa = PBXFileReference; lastKnownFileType = sourcecode.swift; path = WatchNutrientTrackerApp.swift; sourceTree = "<group>"; };
		182F15EA2BA8D17C0071131E /* ContentView.swift */ = {isa = PBXFileReference; lastKnownFileType = sourcecode.swift; path = ContentView.swift; sourceTree = "<group>"; };
		182F15EC2BA8D17E0071131E /* Assets.xcassets */ = {isa = PBXFileReference; lastKnownFileType = folder.assetcatalog; path = Assets.xcassets; sourceTree = "<group>"; };
		182F15EF2BA8D17E0071131E /* Preview Assets.xcassets */ = {isa = PBXFileReference; lastKnownFileType = folder.assetcatalog; path = "Preview Assets.xcassets"; sourceTree = "<group>"; };
		182F15F82BA8D1C90071131E /* WatchConnector.swift */ = {isa = PBXFileReference; lastKnownFileType = sourcecode.swift; path = WatchConnector.swift; sourceTree = "<group>"; };
		182F15FA2BA8D3990071131E /* WatchToiOSConnector.swift */ = {isa = PBXFileReference; lastKnownFileType = sourcecode.swift; path = WatchToiOSConnector.swift; sourceTree = "<group>"; };
		182F15FF2BA8E05A0071131E /* WatchConnectivity.framework */ = {isa = PBXFileReference; lastKnownFileType = wrapper.framework; name = WatchConnectivity.framework; path = System/Library/Frameworks/WatchConnectivity.framework; sourceTree = SDKROOT; };
		182F16012BA8E1EF0071131E /* WatchConnectivity.framework */ = {isa = PBXFileReference; lastKnownFileType = wrapper.framework; name = WatchConnectivity.framework; path = Platforms/WatchOS.platform/Developer/SDKs/WatchOS10.2.sdk/System/Library/Frameworks/WatchConnectivity.framework; sourceTree = DEVELOPER_DIR; };
		1883119D2BA6BAF600B518D5 /* NutrientTracker.app */ = {isa = PBXFileReference; explicitFileType = wrapper.application; includeInIndex = 0; path = NutrientTracker.app; sourceTree = BUILT_PRODUCTS_DIR; };
		188311A02BA6BAF600B518D5 /* NutrientTrackerApp.swift */ = {isa = PBXFileReference; lastKnownFileType = sourcecode.swift; path = NutrientTrackerApp.swift; sourceTree = "<group>"; };
		188311A62BA6BAF800B518D5 /* Assets.xcassets */ = {isa = PBXFileReference; lastKnownFileType = folder.assetcatalog; path = Assets.xcassets; sourceTree = "<group>"; };
		188311A92BA6BAF800B518D5 /* Preview Assets.xcassets */ = {isa = PBXFileReference; lastKnownFileType = folder.assetcatalog; path = "Preview Assets.xcassets"; sourceTree = "<group>"; };
		188311B02BA6BF6E00B518D5 /* MacroView.swift */ = {isa = PBXFileReference; lastKnownFileType = sourcecode.swift; path = MacroView.swift; sourceTree = "<group>"; };
		188311B22BA6CB4E00B518D5 /* MacroHeaderView.swift */ = {isa = PBXFileReference; lastKnownFileType = sourcecode.swift; path = MacroHeaderView.swift; sourceTree = "<group>"; };
/* End PBXFileReference section */

/* Begin PBXFrameworksBuildPhase section */
		182F15E32BA8D17C0071131E /* Frameworks */ = {
			isa = PBXFrameworksBuildPhase;
			buildActionMask = 2147483647;
			files = (
				182F16022BA8E1EF0071131E /* WatchConnectivity.framework in Frameworks */,
			);
			runOnlyForDeploymentPostprocessing = 0;
		};
		1883119A2BA6BAF600B518D5 /* Frameworks */ = {
			isa = PBXFrameworksBuildPhase;
			buildActionMask = 2147483647;
			files = (
				182F16002BA8E05A0071131E /* WatchConnectivity.framework in Frameworks */,
			);
			runOnlyForDeploymentPostprocessing = 0;
		};
/* End PBXFrameworksBuildPhase section */

/* Begin PBXGroup section */
		182F15DB2BA89B160071131E /* Models */ = {
			isa = PBXGroup;
			children = (
				182F15D92BA885A90071131E /* Macro.swift */,
			);
			path = Models;
			sourceTree = "<group>";
		};
		182F15E72BA8D17C0071131E /* WatchNutrientTracker Watch App */ = {
			isa = PBXGroup;
			children = (
				182F15E82BA8D17C0071131E /* WatchNutrientTrackerApp.swift */,
				182F15EA2BA8D17C0071131E /* ContentView.swift */,
				182F15EC2BA8D17E0071131E /* Assets.xcassets */,
				182F15EE2BA8D17E0071131E /* Preview Content */,
				182F15FA2BA8D3990071131E /* WatchToiOSConnector.swift */,
			);
			path = "WatchNutrientTracker Watch App";
			sourceTree = "<group>";
		};
		182F15EE2BA8D17E0071131E /* Preview Content */ = {
			isa = PBXGroup;
			children = (
				182F15EF2BA8D17E0071131E /* Preview Assets.xcassets */,
			);
			path = "Preview Content";
			sourceTree = "<group>";
		};
		182F15FE2BA8E05A0071131E /* Frameworks */ = {
			isa = PBXGroup;
			children = (
				182F16012BA8E1EF0071131E /* WatchConnectivity.framework */,
				182F15FF2BA8E05A0071131E /* WatchConnectivity.framework */,
			);
			name = Frameworks;
			sourceTree = "<group>";
		};
		188311942BA6BAF600B518D5 = {
			isa = PBXGroup;
			children = (
				1883119F2BA6BAF600B518D5 /* NutrientTracker */,
				182F15E72BA8D17C0071131E /* WatchNutrientTracker Watch App */,
				1883119E2BA6BAF600B518D5 /* Products */,
				182F15FE2BA8E05A0071131E /* Frameworks */,
			);
			sourceTree = "<group>";
		};
		1883119E2BA6BAF600B518D5 /* Products */ = {
			isa = PBXGroup;
			children = (
				1883119D2BA6BAF600B518D5 /* NutrientTracker.app */,
				182F15E62BA8D17C0071131E /* WatchNutrientTracker Watch App.app */,
			);
			name = Products;
			sourceTree = "<group>";
		};
		1883119F2BA6BAF600B518D5 /* NutrientTracker */ = {
			isa = PBXGroup;
			children = (
				182F15DB2BA89B160071131E /* Models */,
				188311A02BA6BAF600B518D5 /* NutrientTrackerApp.swift */,
				188311A62BA6BAF800B518D5 /* Assets.xcassets */,
				188311A82BA6BAF800B518D5 /* Preview Content */,
				188311B02BA6BF6E00B518D5 /* MacroView.swift */,
				188311B22BA6CB4E00B518D5 /* MacroHeaderView.swift */,
				182F15D32BA87C6F0071131E /* GetMacros.swift */,
				182F15DC2BA89B3F0071131E /* AddMacroView.swift */,
				182F15DE2BA8B8780071131E /* MacroDayView.swift */,
				182F15E02BA8BFF40071131E /* Date+Ext.swift */,
				182F15F82BA8D1C90071131E /* WatchConnector.swift */,
			);
			path = NutrientTracker;
			sourceTree = "<group>";
		};
		188311A82BA6BAF800B518D5 /* Preview Content */ = {
			isa = PBXGroup;
			children = (
				188311A92BA6BAF800B518D5 /* Preview Assets.xcassets */,
			);
			path = "Preview Content";
			sourceTree = "<group>";
		};
/* End PBXGroup section */

/* Begin PBXNativeTarget section */
		182F15E52BA8D17C0071131E /* WatchNutrientTracker Watch App */ = {
			isa = PBXNativeTarget;
			buildConfigurationList = 182F15F42BA8D17E0071131E /* Build configuration list for PBXNativeTarget "WatchNutrientTracker Watch App" */;
			buildPhases = (
				182F15E22BA8D17C0071131E /* Sources */,
				182F15E32BA8D17C0071131E /* Frameworks */,
				182F15E42BA8D17C0071131E /* Resources */,
			);
			buildRules = (
			);
			dependencies = (
				18440EF52BA96BBB0009D18C /* PBXTargetDependency */,
			);
			name = "WatchNutrientTracker Watch App";
			productName = "WatchNutrientTracker Watch App";
			productReference = 182F15E62BA8D17C0071131E /* WatchNutrientTracker Watch App.app */;
			productType = "com.apple.product-type.application";
		};
		1883119C2BA6BAF600B518D5 /* NutrientTracker */ = {
			isa = PBXNativeTarget;
			buildConfigurationList = 188311AD2BA6BAF800B518D5 /* Build configuration list for PBXNativeTarget "NutrientTracker" */;
			buildPhases = (
				188311992BA6BAF600B518D5 /* Sources */,
				1883119A2BA6BAF600B518D5 /* Frameworks */,
				1883119B2BA6BAF600B518D5 /* Resources */,
				182F15F72BA8D17E0071131E /* Embed Watch Content */,
			);
			buildRules = (
			);
			dependencies = (
			);
			name = NutrientTracker;
			productName = NutrientTracker;
			productReference = 1883119D2BA6BAF600B518D5 /* NutrientTracker.app */;
			productType = "com.apple.product-type.application";
		};
/* End PBXNativeTarget section */

/* Begin PBXProject section */
		188311952BA6BAF600B518D5 /* Project object */ = {
			isa = PBXProject;
			attributes = {
				BuildIndependentTargetsInParallel = 1;
				LastSwiftUpdateCheck = 1520;
				LastUpgradeCheck = 1520;
				TargetAttributes = {
					182F15E52BA8D17C0071131E = {
						CreatedOnToolsVersion = 15.2;
					};
					1883119C2BA6BAF600B518D5 = {
						CreatedOnToolsVersion = 15.2;
					};
				};
			};
			buildConfigurationList = 188311982BA6BAF600B518D5 /* Build configuration list for PBXProject "NutrientTracker" */;
			compatibilityVersion = "Xcode 14.0";
			developmentRegion = en;
			hasScannedForEncodings = 0;
			knownRegions = (
				en,
				Base,
			);
			mainGroup = 188311942BA6BAF600B518D5;
			productRefGroup = 1883119E2BA6BAF600B518D5 /* Products */;
			projectDirPath = "";
			projectRoot = "";
			targets = (
				1883119C2BA6BAF600B518D5 /* NutrientTracker */,
				182F15E52BA8D17C0071131E /* WatchNutrientTracker Watch App */,
			);
		};
/* End PBXProject section */

/* Begin PBXResourcesBuildPhase section */
		182F15E42BA8D17C0071131E /* Resources */ = {
			isa = PBXResourcesBuildPhase;
			buildActionMask = 2147483647;
			files = (
				182F15F02BA8D17E0071131E /* Preview Assets.xcassets in Resources */,
				182F15ED2BA8D17E0071131E /* Assets.xcassets in Resources */,
				18440EE32BA9606F0009D18C /* NutrientTracker.app in Resources */,
			);
			runOnlyForDeploymentPostprocessing = 0;
		};
		1883119B2BA6BAF600B518D5 /* Resources */ = {
			isa = PBXResourcesBuildPhase;
			buildActionMask = 2147483647;
			files = (
				188311AA2BA6BAF800B518D5 /* Preview Assets.xcassets in Resources */,
				188311A72BA6BAF800B518D5 /* Assets.xcassets in Resources */,
			);
			runOnlyForDeploymentPostprocessing = 0;
		};
/* End PBXResourcesBuildPhase section */

/* Begin PBXSourcesBuildPhase section */
		182F15E22BA8D17C0071131E /* Sources */ = {
			isa = PBXSourcesBuildPhase;
			buildActionMask = 2147483647;
			files = (
				182F15FC2BA8D5E30071131E /* Macro.swift in Sources */,
				182F15FD2BA8D5E30071131E /* GetMacros.swift in Sources */,
				182F15EB2BA8D17C0071131E /* ContentView.swift in Sources */,
				182F15FB2BA8D3990071131E /* WatchToiOSConnector.swift in Sources */,
				182F15E92BA8D17C0071131E /* WatchNutrientTrackerApp.swift in Sources */,
			);
			runOnlyForDeploymentPostprocessing = 0;
		};
		188311992BA6BAF600B518D5 /* Sources */ = {
			isa = PBXSourcesBuildPhase;
			buildActionMask = 2147483647;
			files = (
				188311B12BA6BF6E00B518D5 /* MacroView.swift in Sources */,
				182F15F92BA8D1CA0071131E /* WatchConnector.swift in Sources */,
				188311B32BA6CB4E00B518D5 /* MacroHeaderView.swift in Sources */,
				188311A12BA6BAF600B518D5 /* NutrientTrackerApp.swift in Sources */,
				182F15E12BA8BFF40071131E /* Date+Ext.swift in Sources */,
				182F15DA2BA885A90071131E /* Macro.swift in Sources */,
				182F15D42BA87C6F0071131E /* GetMacros.swift in Sources */,
				182F15DD2BA89B3F0071131E /* AddMacroView.swift in Sources */,
				182F15DF2BA8B8780071131E /* MacroDayView.swift in Sources */,
			);
			runOnlyForDeploymentPostprocessing = 0;
		};
/* End PBXSourcesBuildPhase section */

/* Begin PBXTargetDependency section */
		18440EF52BA96BBB0009D18C /* PBXTargetDependency */ = {
			isa = PBXTargetDependency;
			target = 1883119C2BA6BAF600B518D5 /* NutrientTracker */;
			targetProxy = 18440EF42BA96BBB0009D18C /* PBXContainerItemProxy */;
		};
/* End PBXTargetDependency section */

/* Begin XCBuildConfiguration section */
		182F15F52BA8D17E0071131E /* Debug */ = {
			isa = XCBuildConfiguration;
			buildSettings = {
				ASSETCATALOG_COMPILER_APPICON_NAME = AppIcon;
				ASSETCATALOG_COMPILER_GLOBAL_ACCENT_COLOR_NAME = AccentColor;
				CODE_SIGN_STYLE = Automatic;
				CURRENT_PROJECT_VERSION = 1;
				DEVELOPMENT_ASSET_PATHS = "\"WatchNutrientTracker Watch App/Preview Content\"";
				DEVELOPMENT_TEAM = VN799MBZ2Y;
				ENABLE_PREVIEWS = YES;
				GENERATE_INFOPLIST_FILE = YES;
				INFOPLIST_KEY_CFBundleDisplayName = WatchNutrientTracker;
				INFOPLIST_KEY_UISupportedInterfaceOrientations = "UIInterfaceOrientationPortrait UIInterfaceOrientationPortraitUpsideDown";
				INFOPLIST_KEY_WKCompanionAppBundleIdentifier = KrishnaP.NutrientTracker;
				LD_RUNPATH_SEARCH_PATHS = (
					"$(inherited)",
					"@executable_path/Frameworks",
				);
				MARKETING_VERSION = 1.0;
				PRODUCT_BUNDLE_IDENTIFIER = KrishnaP.NutrientTracker.watchkitapp;
				PRODUCT_NAME = "$(TARGET_NAME)";
				SDKROOT = watchos;
				SKIP_INSTALL = YES;
				SWIFT_EMIT_LOC_STRINGS = YES;
				SWIFT_VERSION = 5.0;
				TARGETED_DEVICE_FAMILY = 4;
				WATCHOS_DEPLOYMENT_TARGET = 10.2;
			};
			name = Debug;
		};
		182F15F62BA8D17E0071131E /* Release */ = {
			isa = XCBuildConfiguration;
			buildSettings = {
				ASSETCATALOG_COMPILER_APPICON_NAME = AppIcon;
				ASSETCATALOG_COMPILER_GLOBAL_ACCENT_COLOR_NAME = AccentColor;
				CODE_SIGN_STYLE = Automatic;
				CURRENT_PROJECT_VERSION = 1;
				DEVELOPMENT_ASSET_PATHS = "\"WatchNutrientTracker Watch App/Preview Content\"";
				DEVELOPMENT_TEAM = VN799MBZ2Y;
				ENABLE_PREVIEWS = YES;
				GENERATE_INFOPLIST_FILE = YES;
				INFOPLIST_KEY_CFBundleDisplayName = WatchNutrientTracker;
				INFOPLIST_KEY_UISupportedInterfaceOrientations = "UIInterfaceOrientationPortrait UIInterfaceOrientationPortraitUpsideDown";
				INFOPLIST_KEY_WKCompanionAppBundleIdentifier = KrishnaP.NutrientTracker;
				LD_RUNPATH_SEARCH_PATHS = (
					"$(inherited)",
					"@executable_path/Frameworks",
				);
				MARKETING_VERSION = 1.0;
				PRODUCT_BUNDLE_IDENTIFIER = KrishnaP.NutrientTracker.watchkitapp;
				PRODUCT_NAME = "$(TARGET_NAME)";
				SDKROOT = watchos;
				SKIP_INSTALL = YES;
				SWIFT_EMIT_LOC_STRINGS = YES;
				SWIFT_VERSION = 5.0;
				TARGETED_DEVICE_FAMILY = 4;
				WATCHOS_DEPLOYMENT_TARGET = 10.2;
			};
			name = Release;
		};
		188311AB2BA6BAF800B518D5 /* Debug */ = {
			isa = XCBuildConfiguration;
			buildSettings = {
				ALWAYS_SEARCH_USER_PATHS = NO;
				ASSETCATALOG_COMPILER_GENERATE_SWIFT_ASSET_SYMBOL_EXTENSIONS = YES;
				CLANG_ANALYZER_NONNULL = YES;
				CLANG_ANALYZER_NUMBER_OBJECT_CONVERSION = YES_AGGRESSIVE;
				CLANG_CXX_LANGUAGE_STANDARD = "gnu++20";
				CLANG_ENABLE_MODULES = YES;
				CLANG_ENABLE_OBJC_ARC = YES;
				CLANG_ENABLE_OBJC_WEAK = YES;
				CLANG_WARN_BLOCK_CAPTURE_AUTORELEASING = YES;
				CLANG_WARN_BOOL_CONVERSION = YES;
				CLANG_WARN_COMMA = YES;
				CLANG_WARN_CONSTANT_CONVERSION = YES;
				CLANG_WARN_DEPRECATED_OBJC_IMPLEMENTATIONS = YES;
				CLANG_WARN_DIRECT_OBJC_ISA_USAGE = YES_ERROR;
				CLANG_WARN_DOCUMENTATION_COMMENTS = YES;
				CLANG_WARN_EMPTY_BODY = YES;
				CLANG_WARN_ENUM_CONVERSION = YES;
				CLANG_WARN_INFINITE_RECURSION = YES;
				CLANG_WARN_INT_CONVERSION = YES;
				CLANG_WARN_NON_LITERAL_NULL_CONVERSION = YES;
				CLANG_WARN_OBJC_IMPLICIT_RETAIN_SELF = YES;
				CLANG_WARN_OBJC_LITERAL_CONVERSION = YES;
				CLANG_WARN_OBJC_ROOT_CLASS = YES_ERROR;
				CLANG_WARN_QUOTED_INCLUDE_IN_FRAMEWORK_HEADER = YES;
				CLANG_WARN_RANGE_LOOP_ANALYSIS = YES;
				CLANG_WARN_STRICT_PROTOTYPES = YES;
				CLANG_WARN_SUSPICIOUS_MOVE = YES;
				CLANG_WARN_UNGUARDED_AVAILABILITY = YES_AGGRESSIVE;
				CLANG_WARN_UNREACHABLE_CODE = YES;
				CLANG_WARN__DUPLICATE_METHOD_MATCH = YES;
				COPY_PHASE_STRIP = NO;
				DEBUG_INFORMATION_FORMAT = dwarf;
				ENABLE_STRICT_OBJC_MSGSEND = YES;
				ENABLE_TESTABILITY = YES;
				ENABLE_USER_SCRIPT_SANDBOXING = YES;
				GCC_C_LANGUAGE_STANDARD = gnu17;
				GCC_DYNAMIC_NO_PIC = NO;
				GCC_NO_COMMON_BLOCKS = YES;
				GCC_OPTIMIZATION_LEVEL = 0;
				GCC_PREPROCESSOR_DEFINITIONS = (
					"DEBUG=1",
					"$(inherited)",
				);
				GCC_WARN_64_TO_32_BIT_CONVERSION = YES;
				GCC_WARN_ABOUT_RETURN_TYPE = YES_ERROR;
				GCC_WARN_UNDECLARED_SELECTOR = YES;
				GCC_WARN_UNINITIALIZED_AUTOS = YES_AGGRESSIVE;
				GCC_WARN_UNUSED_FUNCTION = YES;
				GCC_WARN_UNUSED_VARIABLE = YES;
				IPHONEOS_DEPLOYMENT_TARGET = 17.2;
				LOCALIZATION_PREFERS_STRING_CATALOGS = YES;
				MTL_ENABLE_DEBUG_INFO = INCLUDE_SOURCE;
				MTL_FAST_MATH = YES;
				ONLY_ACTIVE_ARCH = YES;
				SDKROOT = iphoneos;
				SWIFT_ACTIVE_COMPILATION_CONDITIONS = "DEBUG $(inherited)";
				SWIFT_OPTIMIZATION_LEVEL = "-Onone";
			};
			name = Debug;
		};
		188311AC2BA6BAF800B518D5 /* Release */ = {
			isa = XCBuildConfiguration;
			buildSettings = {
				ALWAYS_SEARCH_USER_PATHS = NO;
				ASSETCATALOG_COMPILER_GENERATE_SWIFT_ASSET_SYMBOL_EXTENSIONS = YES;
				CLANG_ANALYZER_NONNULL = YES;
				CLANG_ANALYZER_NUMBER_OBJECT_CONVERSION = YES_AGGRESSIVE;
				CLANG_CXX_LANGUAGE_STANDARD = "gnu++20";
				CLANG_ENABLE_MODULES = YES;
				CLANG_ENABLE_OBJC_ARC = YES;
				CLANG_ENABLE_OBJC_WEAK = YES;
				CLANG_WARN_BLOCK_CAPTURE_AUTORELEASING = YES;
				CLANG_WARN_BOOL_CONVERSION = YES;
				CLANG_WARN_COMMA = YES;
				CLANG_WARN_CONSTANT_CONVERSION = YES;
				CLANG_WARN_DEPRECATED_OBJC_IMPLEMENTATIONS = YES;
				CLANG_WARN_DIRECT_OBJC_ISA_USAGE = YES_ERROR;
				CLANG_WARN_DOCUMENTATION_COMMENTS = YES;
				CLANG_WARN_EMPTY_BODY = YES;
				CLANG_WARN_ENUM_CONVERSION = YES;
				CLANG_WARN_INFINITE_RECURSION = YES;
				CLANG_WARN_INT_CONVERSION = YES;
				CLANG_WARN_NON_LITERAL_NULL_CONVERSION = YES;
				CLANG_WARN_OBJC_IMPLICIT_RETAIN_SELF = YES;
				CLANG_WARN_OBJC_LITERAL_CONVERSION = YES;
				CLANG_WARN_OBJC_ROOT_CLASS = YES_ERROR;
				CLANG_WARN_QUOTED_INCLUDE_IN_FRAMEWORK_HEADER = YES;
				CLANG_WARN_RANGE_LOOP_ANALYSIS = YES;
				CLANG_WARN_STRICT_PROTOTYPES = YES;
				CLANG_WARN_SUSPICIOUS_MOVE = YES;
				CLANG_WARN_UNGUARDED_AVAILABILITY = YES_AGGRESSIVE;
				CLANG_WARN_UNREACHABLE_CODE = YES;
				CLANG_WARN__DUPLICATE_METHOD_MATCH = YES;
				COPY_PHASE_STRIP = NO;
				DEBUG_INFORMATION_FORMAT = "dwarf-with-dsym";
				ENABLE_NS_ASSERTIONS = NO;
				ENABLE_STRICT_OBJC_MSGSEND = YES;
				ENABLE_USER_SCRIPT_SANDBOXING = YES;
				GCC_C_LANGUAGE_STANDARD = gnu17;
				GCC_NO_COMMON_BLOCKS = YES;
				GCC_WARN_64_TO_32_BIT_CONVERSION = YES;
				GCC_WARN_ABOUT_RETURN_TYPE = YES_ERROR;
				GCC_WARN_UNDECLARED_SELECTOR = YES;
				GCC_WARN_UNINITIALIZED_AUTOS = YES_AGGRESSIVE;
				GCC_WARN_UNUSED_FUNCTION = YES;
				GCC_WARN_UNUSED_VARIABLE = YES;
				IPHONEOS_DEPLOYMENT_TARGET = 17.2;
				LOCALIZATION_PREFERS_STRING_CATALOGS = YES;
				MTL_ENABLE_DEBUG_INFO = NO;
				MTL_FAST_MATH = YES;
				SDKROOT = iphoneos;
				SWIFT_COMPILATION_MODE = wholemodule;
				VALIDATE_PRODUCT = YES;
			};
			name = Release;
		};
		188311AE2BA6BAF800B518D5 /* Debug */ = {
			isa = XCBuildConfiguration;
			buildSettings = {
				ALWAYS_EMBED_SWIFT_STANDARD_LIBRARIES = YES;
				ASSETCATALOG_COMPILER_APPICON_NAME = AppIcon;
				ASSETCATALOG_COMPILER_GLOBAL_ACCENT_COLOR_NAME = AccentColor;
				CODE_SIGN_STYLE = Automatic;
				CURRENT_PROJECT_VERSION = 1;
				DEVELOPMENT_ASSET_PATHS = "\"NutrientTracker/Preview Content\"";
				DEVELOPMENT_TEAM = VN799MBZ2Y;
				ENABLE_PREVIEWS = YES;
				GENERATE_INFOPLIST_FILE = YES;
				INFOPLIST_KEY_UIApplicationSceneManifest_Generation = YES;
				INFOPLIST_KEY_UIApplicationSupportsIndirectInputEvents = YES;
				INFOPLIST_KEY_UILaunchScreen_Generation = YES;
				INFOPLIST_KEY_UISupportedInterfaceOrientations_iPad = "UIInterfaceOrientationPortrait UIInterfaceOrientationPortraitUpsideDown UIInterfaceOrientationLandscapeLeft UIInterfaceOrientationLandscapeRight";
				INFOPLIST_KEY_UISupportedInterfaceOrientations_iPhone = "UIInterfaceOrientationPortrait UIInterfaceOrientationLandscapeLeft UIInterfaceOrientationLandscapeRight";
				LD_RUNPATH_SEARCH_PATHS = (
					"$(inherited)",
					"@executable_path/Frameworks",
				);
				MARKETING_VERSION = 1.0;
				PRODUCT_BUNDLE_IDENTIFIER = KrishnaP.NutrientTracker;
				PRODUCT_NAME = "$(TARGET_NAME)";
				SWIFT_EMIT_LOC_STRINGS = YES;
				SWIFT_VERSION = 5.0;
				TARGETED_DEVICE_FAMILY = "1,2";
			};
			name = Debug;
		};
		188311AF2BA6BAF800B518D5 /* Release */ = {
			isa = XCBuildConfiguration;
			buildSettings = {
				ALWAYS_EMBED_SWIFT_STANDARD_LIBRARIES = YES;
				ASSETCATALOG_COMPILER_APPICON_NAME = AppIcon;
				ASSETCATALOG_COMPILER_GLOBAL_ACCENT_COLOR_NAME = AccentColor;
				CODE_SIGN_STYLE = Automatic;
				CURRENT_PROJECT_VERSION = 1;
				DEVELOPMENT_ASSET_PATHS = "\"NutrientTracker/Preview Content\"";
				DEVELOPMENT_TEAM = VN799MBZ2Y;
				ENABLE_PREVIEWS = YES;
				GENERATE_INFOPLIST_FILE = YES;
				INFOPLIST_KEY_UIApplicationSceneManifest_Generation = YES;
				INFOPLIST_KEY_UIApplicationSupportsIndirectInputEvents = YES;
				INFOPLIST_KEY_UILaunchScreen_Generation = YES;
				INFOPLIST_KEY_UISupportedInterfaceOrientations_iPad = "UIInterfaceOrientationPortrait UIInterfaceOrientationPortraitUpsideDown UIInterfaceOrientationLandscapeLeft UIInterfaceOrientationLandscapeRight";
				INFOPLIST_KEY_UISupportedInterfaceOrientations_iPhone = "UIInterfaceOrientationPortrait UIInterfaceOrientationLandscapeLeft UIInterfaceOrientationLandscapeRight";
				LD_RUNPATH_SEARCH_PATHS = (
					"$(inherited)",
					"@executable_path/Frameworks",
				);
				MARKETING_VERSION = 1.0;
				PRODUCT_BUNDLE_IDENTIFIER = KrishnaP.NutrientTracker;
				PRODUCT_NAME = "$(TARGET_NAME)";
				SWIFT_EMIT_LOC_STRINGS = YES;
				SWIFT_VERSION = 5.0;
				TARGETED_DEVICE_FAMILY = "1,2";
			};
			name = Release;
		};
/* End XCBuildConfiguration section */

/* Begin XCConfigurationList section */
		182F15F42BA8D17E0071131E /* Build configuration list for PBXNativeTarget "WatchNutrientTracker Watch App" */ = {
			isa = XCConfigurationList;
			buildConfigurations = (
				182F15F52BA8D17E0071131E /* Debug */,
				182F15F62BA8D17E0071131E /* Release */,
			);
			defaultConfigurationIsVisible = 0;
			defaultConfigurationName = Release;
		};
		188311982BA6BAF600B518D5 /* Build configuration list for PBXProject "NutrientTracker" */ = {
			isa = XCConfigurationList;
			buildConfigurations = (
				188311AB2BA6BAF800B518D5 /* Debug */,
				188311AC2BA6BAF800B518D5 /* Release */,
			);
			defaultConfigurationIsVisible = 0;
			defaultConfigurationName = Release;
		};
		188311AD2BA6BAF800B518D5 /* Build configuration list for PBXNativeTarget "NutrientTracker" */ = {
			isa = XCConfigurationList;
			buildConfigurations = (
				188311AE2BA6BAF800B518D5 /* Debug */,
				188311AF2BA6BAF800B518D5 /* Release */,
			);
			defaultConfigurationIsVisible = 0;
			defaultConfigurationName = Release;
		};
/* End XCConfigurationList section */
	};
	rootObject = 188311952BA6BAF600B518D5 /* Project object */;
}
